{
  "nodes": {
    "fenix": {
      "inputs": {
        "nixpkgs": [
          "nixpkgs"
        ],
        "rust-analyzer-src": "rust-analyzer-src"
      },
      "locked": {
        "lastModified": 1627353019,
        "narHash": "sha256-uXcO1UYdZZDzf5x2YLnwEowz/7ZXWQ6XOXoc9LmV1OE=",
        "owner": "nix-community",
        "repo": "fenix",
        "rev": "568807952c1bb1fa59e3526c329b4a6cc4749f67",
        "type": "github"
      },
      "original": {
        "owner": "nix-community",
        "repo": "fenix",
        "type": "github"
      }
    },
    "nixpkgs": {
      "locked": {
        "lastModified": 1627352951,
        "narHash": "sha256-6P+sDCOcZvRL21tL9gx0j5TKDOUntcuAoOlASrHGOE8=",
        "owner": "NixOS",
        "repo": "nixpkgs",
        "rev": "0ffdd74547be88eebd45ca6f3d5487b4a84ae232",
        "type": "github"
      },
      "original": {
        "owner": "NixOS",
        "ref": "nixpkgs-unstable",
        "repo": "nixpkgs",
        "type": "github"
      }
    },
    "root": {
      "inputs": {
        "fenix": "fenix",
        "nixpkgs": "nixpkgs",
        "utils": "utils"
      }
    },
    "rust-analyzer-src": {
      "flake": false,
      "locked": {
        "lastModified": 1627338215,
        "narHash": "sha256-O76nn7wggNfejawurJL7sCe2NX+XKt3Efm+hAtxsOBs=",
        "owner": "rust-analyzer",
        "repo": "rust-analyzer",
        "rev": "9ca81edb7ce2e301234e3dafd7ecc35d398db603",
        "type": "github"
      },
      "original": {
        "owner": "rust-analyzer",
        "ref": "nightly",
        "repo": "rust-analyzer",
        "type": "github"
      }
    },
    "utils": {
      "locked": {
        "lastModified": 1623875721,
        "narHash": "sha256-A8BU7bjS5GirpAUv4QA+QnJ4CceLHkcXdRp4xITDB0s=",
        "owner": "numtide",
        "repo": "flake-utils",
        "rev": "f7e004a55b120c02ecb6219596820fcd32ca8772",
        "type": "github"
      },
      "original": {
        "owner": "numtide",
        "repo": "flake-utils",
        "type": "github"
      }
    }
  },
  "root": "root",
  "version": 7
}
