{
  "nodes": {
    "devshell": {
      "locked": {
        "lastModified": 1618523768,
        "narHash": "sha256-Gev9da35pHUey3kGz/zrJFc/9ICs++vPCho7qB1mqd8=",
        "owner": "numtide",
        "repo": "devshell",
        "rev": "709fe4d04a9101c9d224ad83f73416dce71baf21",
        "type": "github"
      },
      "original": {
        "owner": "numtide",
        "repo": "devshell",
        "type": "github"
      }
    },
    "fenix": {
      "inputs": {
        "naersk": "naersk",
        "nixpkgs": [
          "nixpkgs"
        ],
        "rust-analyzer-src": "rust-analyzer-src"
      },
      "locked": {
        "lastModified": 1619232097,
        "narHash": "sha256-RZrDxBX1kuX7sp5wR50wBx23KhryMU8NMy6IALz/yYY=",
        "owner": "nix-community",
        "repo": "fenix",
        "rev": "b11945869c15415868498b0f0c0925763176bb73",
        "type": "github"
      },
      "original": {
        "owner": "nix-community",
        "repo": "fenix",
        "type": "github"
      }
    },
    "flake-utils": {
      "locked": {
        "lastModified": 1614513358,
        "narHash": "sha256-LakhOx3S1dRjnh0b5Dg3mbZyH0ToC9I8Y2wKSkBaTzU=",
        "owner": "numtide",
        "repo": "flake-utils",
        "rev": "5466c5bbece17adaab2d82fae80b46e807611bf3",
        "type": "github"
      },
      "original": {
        "owner": "numtide",
        "repo": "flake-utils",
        "type": "github"
      }
    },
    "flakeUtils": {
      "locked": {
        "lastModified": 1618868421,
        "narHash": "sha256-vyoJhLV6cJ8/tWz+l9HZLIkb9Rd9esE7p+0RL6zDR6Y=",
        "owner": "numtide",
        "repo": "flake-utils",
        "rev": "eed214942bcfb3a8cc09eb3b28ca7d7221e44a94",
        "type": "github"
      },
      "original": {
        "owner": "numtide",
        "repo": "flake-utils",
        "type": "github"
      }
    },
    "naersk": {
      "inputs": {
        "nixpkgs": [
          "nixpkgs"
        ]
      },
      "locked": {
        "lastModified": 1618844365,
        "narHash": "sha256-Z9t0rr+5OG/ru3jdg3jivfYVU4ydV/nqt8UwIut7uHs=",
        "owner": "nmattia",
        "repo": "naersk",
        "rev": "32e3ba39d9d83098b13720a4384bdda191dd0445",
        "type": "github"
      },
      "original": {
        "owner": "nmattia",
        "repo": "naersk",
        "type": "github"
      }
    },
    "naersk_2": {
      "inputs": {
        "nixpkgs": [
          "nixpkgs"
        ]
      },
      "locked": {
        "lastModified": 1618844365,
        "narHash": "sha256-Z9t0rr+5OG/ru3jdg3jivfYVU4ydV/nqt8UwIut7uHs=",
        "owner": "nmattia",
        "repo": "naersk",
        "rev": "32e3ba39d9d83098b13720a4384bdda191dd0445",
        "type": "github"
      },
      "original": {
        "owner": "nmattia",
        "repo": "naersk",
        "type": "github"
      }
    },
    "naersk_3": {
      "inputs": {
        "nixpkgs": [
          "nixpkgs"
        ]
      },
      "locked": {
        "lastModified": 1619305886,
        "narHash": "sha256-FYueUeFywo3zhAkTU/i/yABtd+YBUHbbkVcVEQLXa88=",
        "owner": "yusdacra",
        "repo": "naersk",
        "rev": "600f238ec1e9829f3551269c365f12bb61506318",
        "type": "github"
      },
      "original": {
        "owner": "yusdacra",
        "ref": "feat/cargolock-git-deps",
        "repo": "naersk",
        "type": "github"
      }
    },
    "nixCargoIntegration": {
      "inputs": {
        "devshell": "devshell",
        "flakeUtils": "flakeUtils",
        "naersk": "naersk_3",
        "nixpkgs": [
          "nixpkgs"
        ],
        "rustOverlay": "rustOverlay"
      },
      "locked": {
        "lastModified": 1619305994,
        "narHash": "sha256-LSCRJgZApgsc5WVMm2wZQ8a6VSO777PkMviXDp/nLQU=",
        "owner": "yusdacra",
        "repo": "nix-cargo-integration",
        "rev": "5b5cbe04c81a1d11e4f4ca853b31155ec75aead0",
        "type": "github"
      },
      "original": {
        "owner": "yusdacra",
        "repo": "nix-cargo-integration",
        "type": "github"
      }
    },
    "nixpkgs": {
      "locked": {
        "lastModified": 1619285658,
        "narHash": "sha256-GKbj/KKo8Z2WsEURFtWHbPI917NrUnD4H2J4lKUsSWI=",
        "owner": "NixOS",
        "repo": "nixpkgs",
        "rev": "118485230c02d13f62133bce43177ffd49495694",
        "type": "github"
      },
      "original": {
        "owner": "NixOS",
        "ref": "nixpkgs-unstable",
        "repo": "nixpkgs",
        "type": "github"
      }
    },
    "root": {
      "inputs": {
        "fenix": "fenix",
        "naersk": "naersk_2",
        "nixCargoIntegration": "nixCargoIntegration",
        "nixpkgs": "nixpkgs",
        "utils": "utils"
      }
    },
    "rust-analyzer-src": {
      "flake": false,
      "locked": {
        "lastModified": 1619117333,
        "narHash": "sha256-9QzRqLk7zeTzycKsIws12tV2nSGUDeRBRwufVKd9iwU=",
        "owner": "rust-analyzer",
        "repo": "rust-analyzer",
        "rev": "07fb65abb83c1e06fbdb8b3616ede59921d70f8c",
        "type": "github"
      },
      "original": {
        "owner": "rust-analyzer",
        "ref": "nightly",
        "repo": "rust-analyzer",
        "type": "github"
      }
    },
    "rustOverlay": {
      "inputs": {
        "flake-utils": "flake-utils",
        "nixpkgs": [
          "nixpkgs"
        ]
      },
      "locked": {
        "lastModified": 1619281948,
        "narHash": "sha256-c8/79kwDKswR0KGfhBYd02jq1FtSTeX4NAeFUAwturI=",
        "owner": "oxalica",
        "repo": "rust-overlay",
        "rev": "88262ab95b856ec55ec71a054cb0e2505244441f",
        "type": "github"
      },
      "original": {
        "owner": "oxalica",
        "repo": "rust-overlay",
        "type": "github"
      }
    },
    "utils": {
      "locked": {
        "lastModified": 1618868421,
        "narHash": "sha256-vyoJhLV6cJ8/tWz+l9HZLIkb9Rd9esE7p+0RL6zDR6Y=",
        "owner": "numtide",
        "repo": "flake-utils",
        "rev": "eed214942bcfb3a8cc09eb3b28ca7d7221e44a94",
        "type": "github"
      },
      "original": {
        "owner": "numtide",
        "repo": "flake-utils",
        "type": "github"
      }
    }
  },
  "root": "root",
  "version": 7
}
